
Microsoft Visual Studio Solution File, Format Version 12.00
# Visual Studio Version 17
VisualStudioVersion = 17.8.34330.188
MinimumVisualStudioVersion = 10.0.40219.1
Project("{FAE04EC0-301F-11D3-BF4B-00C04F79EFBC}") = "PrimeChecker", "PrimeChecker\PrimeChecker.csproj", "{708A5F4E-8C63-42B4-82F9-0B7FCBD9D9EF}"
EndProject
Global
	GlobalSection(SolutionConfigurationPlatforms) = preSolution
		Debug|Any CPU = Debug|Any CPU
		Release|Any CPU = Release|Any CPU
	EndGlobalSection
	GlobalSection(ProjectConfigurationPlatforms) = postSolution
		{708A5F4E-8C63-42B4-82F9-0B7FCBD9D9EF}.Debug|Any CPU.ActiveCfg = Debug|Any CPU
		{708A5F4E-8C63-42B4-82F9-0B7FCBD9D9EF}.Debug|Any CPU.Build.0 = Debug|Any CPU
		{708A5F4E-8C63-42B4-82F9-0B7FCBD9D9EF}.Release|Any CPU.ActiveCfg = Release|Any CPU
		{708A5F4E-8C63-42B4-82F9-0B7FCBD9D9EF}.Release|Any CPU.Build.0 = Release|Any CPU
	EndGlobalSection
	GlobalSection(SolutionProperties) = preSolution
		HideSolutionNode = FALSE
	EndGlobalSection
	GlobalSection(ExtensibilityGlobals) = postSolution
		SolutionGuid = {A0B9F4BE-28E9-44BB-BE27-242AF2FD1264}
	EndGlobalSection
EndGlobal
